
Microsoft Visual Studio Solution File, Format Version 12.00
# Visual Studio Version 17
VisualStudioVersion = 17.8.34525.116
MinimumVisualStudioVersion = 10.0.40219.1
Project("{9A19103F-16F7-4668-BE54-9A1E7A4F7556}") = "WebAIrline", "WebAIrline\WebAIrline.csproj", "{ABA39EC1-0F2C-4D09-82DA-C06767000424}"
EndProject
Project("{9A19103F-16F7-4668-BE54-9A1E7A4F7556}") = "WebAirlineMVC", "WebAirlineMVC\WebAirlineMVC.csproj", "{DCDC0DBE-4E76-4DBB-918D-A563196D8039}"
EndProject
Project("{9A19103F-16F7-4668-BE54-9A1E7A4F7556}") = "5VIVU", "5VIVU\5VIVU.csproj", "{B1870917-2E00-4F57-B6C4-C4E4AE3F8B6B}"
EndProject
Global
	GlobalSection(SolutionConfigurationPlatforms) = preSolution
		Debug|Any CPU = Debug|Any CPU
		Release|Any CPU = Release|Any CPU
	EndGlobalSection
	GlobalSection(ProjectConfigurationPlatforms) = postSolution
		{ABA39EC1-0F2C-4D09-82DA-C06767000424}.Debug|Any CPU.ActiveCfg = Debug|Any CPU
		{ABA39EC1-0F2C-4D09-82DA-C06767000424}.Debug|Any CPU.Build.0 = Debug|Any CPU
		{ABA39EC1-0F2C-4D09-82DA-C06767000424}.Release|Any CPU.ActiveCfg = Release|Any CPU
		{ABA39EC1-0F2C-4D09-82DA-C06767000424}.Release|Any CPU.Build.0 = Release|Any CPU
		{DCDC0DBE-4E76-4DBB-918D-A563196D8039}.Debug|Any CPU.ActiveCfg = Debug|Any CPU
		{DCDC0DBE-4E76-4DBB-918D-A563196D8039}.Debug|Any CPU.Build.0 = Debug|Any CPU
		{DCDC0DBE-4E76-4DBB-918D-A563196D8039}.Release|Any CPU.ActiveCfg = Release|Any CPU
		{DCDC0DBE-4E76-4DBB-918D-A563196D8039}.Release|Any CPU.Build.0 = Release|Any CPU
		{B1870917-2E00-4F57-B6C4-C4E4AE3F8B6B}.Debug|Any CPU.ActiveCfg = Debug|Any CPU
		{B1870917-2E00-4F57-B6C4-C4E4AE3F8B6B}.Debug|Any CPU.Build.0 = Debug|Any CPU
		{B1870917-2E00-4F57-B6C4-C4E4AE3F8B6B}.Release|Any CPU.ActiveCfg = Release|Any CPU
		{B1870917-2E00-4F57-B6C4-C4E4AE3F8B6B}.Release|Any CPU.Build.0 = Release|Any CPU
	EndGlobalSection
	GlobalSection(SolutionProperties) = preSolution
		HideSolutionNode = FALSE
	EndGlobalSection
	GlobalSection(ExtensibilityGlobals) = postSolution
		SolutionGuid = {E3648D3A-C1F8-43ED-B7F8-42732F319654}
	EndGlobalSection
EndGlobal
